# This file is automatically @generated by Cargo.
# It is not intended for manual editing.
[[package]]
name = "aho-corasick"
version = "0.7.15"
source = "registry+https://github.com/rust-lang/crates.io-index"
checksum = "7404febffaa47dac81aa44dba71523c9d069b1bdc50a77db41195149e17f68e5"
dependencies = [
 "memchr",
]

[[package]]
name = "arrayref"
version = "0.3.6"
source = "registry+https://github.com/rust-lang/crates.io-index"
checksum = "a4c527152e37cf757a3f78aae5a06fbeefdb07ccc535c980a3208ee3060dd544"

[[package]]
name = "arrayvec"
version = "0.5.2"
source = "registry+https://github.com/rust-lang/crates.io-index"
checksum = "23b62fc65de8e4e7f52534fb52b0f3ed04746ae267519eef2a83941e8085068b"

[[package]]
name = "autocfg"
version = "1.0.1"
source = "registry+https://github.com/rust-lang/crates.io-index"
checksum = "cdb031dd78e28731d87d56cc8ffef4a8f36ca26c38fe2de700543e627f8a464a"

[[package]]
name = "base64"
version = "0.13.0"
source = "registry+https://github.com/rust-lang/crates.io-index"
checksum = "904dfeac50f3cdaba28fc6f57fdcddb75f49ed61346676a78c4ffe55877802fd"

[[package]]
name = "bitflags"
version = "1.2.1"
source = "registry+https://github.com/rust-lang/crates.io-index"
checksum = "cf1de2fe8c75bc145a2f577add951f8134889b4795d47466a54a5c846d691693"

[[package]]
name = "blake2b_simd"
version = "0.5.11"
source = "registry+https://github.com/rust-lang/crates.io-index"
checksum = "afa748e348ad3be8263be728124b24a24f268266f6f5d58af9d75f6a40b5c587"
dependencies = [
 "arrayref",
 "arrayvec",
 "constant_time_eq",
]

[[package]]
name = "cfg-if"
version = "0.1.10"
source = "registry+https://github.com/rust-lang/crates.io-index"
checksum = "4785bdd1c96b2a846b2bd7cc02e86b6b3dbf14e7e53446c4f54c92a361040822"

[[package]]
name = "cfg-if"
version = "1.0.0"
source = "registry+https://github.com/rust-lang/crates.io-index"
checksum = "baf1de4339761588bc0619e3cbc0120ee582ebb74b53b4efbf79117bd2da40fd"

[[package]]
name = "config"
version = "0.10.1"
source = "registry+https://github.com/rust-lang/crates.io-index"
checksum = "19b076e143e1d9538dde65da30f8481c2a6c44040edb8e02b9bf1351edb92ce3"
dependencies = [
 "lazy_static",
 "nom",
 "rust-ini",
 "serde 1.0.117",
 "serde-hjson",
 "serde_json",
 "toml",
 "yaml-rust",
]

[[package]]
name = "const_fn"
version = "0.4.3"
source = "registry+https://github.com/rust-lang/crates.io-index"
checksum = "c478836e029dcef17fb47c89023448c64f781a046e0300e257ad8225ae59afab"

[[package]]
name = "constant_time_eq"
version = "0.1.5"
source = "registry+https://github.com/rust-lang/crates.io-index"
checksum = "245097e9a4535ee1e3e3931fcfcd55a796a44c643e8596ff6566d68f09b87bbc"

[[package]]
name = "crossbeam-utils"
version = "0.8.0"
source = "registry+https://github.com/rust-lang/crates.io-index"
checksum = "ec91540d98355f690a86367e566ecad2e9e579f230230eb7c21398372be73ea5"
dependencies = [
 "autocfg",
 "cfg-if 1.0.0",
 "const_fn",
 "lazy_static",
]

[[package]]
name = "dirs"
version = "3.0.1"
source = "registry+https://github.com/rust-lang/crates.io-index"
checksum = "142995ed02755914747cc6ca76fc7e4583cd18578746716d0508ea6ed558b9ff"
dependencies = [
 "dirs-sys",
]

[[package]]
name = "dirs-sys"
version = "0.3.5"
source = "registry+https://github.com/rust-lang/crates.io-index"
checksum = "8e93d7f5705de3e49895a2b5e0b8855a1c27f080192ae9c32a6432d50741a57a"
dependencies = [
 "libc",
 "redox_users",
 "winapi",
]

[[package]]
name = "getrandom"
version = "0.1.15"
source = "registry+https://github.com/rust-lang/crates.io-index"
checksum = "fc587bc0ec293155d5bfa6b9891ec18a1e330c234f896ea47fbada4cadbe47e6"
dependencies = [
 "cfg-if 0.1.10",
 "libc",
 "wasi",
]

[[package]]
name = "itoa"
version = "0.4.6"
source = "registry+https://github.com/rust-lang/crates.io-index"
checksum = "dc6f3ad7b9d11a0c00842ff8de1b60ee58661048eb8049ed33c73594f359d7e6"

[[package]]
name = "lazy_static"
version = "1.4.0"
source = "registry+https://github.com/rust-lang/crates.io-index"
checksum = "e2abad23fbc42b3700f2f279844dc832adb2b2eb069b2df918f455c4e18cc646"

[[package]]
name = "lexical-core"
version = "0.7.4"
source = "registry+https://github.com/rust-lang/crates.io-index"
checksum = "db65c6da02e61f55dae90a0ae427b2a5f6b3e8db09f58d10efab23af92592616"
dependencies = [
 "arrayvec",
 "bitflags",
 "cfg-if 0.1.10",
 "ryu",
 "static_assertions",
]

[[package]]
name = "libc"
version = "0.2.80"
source = "registry+https://github.com/rust-lang/crates.io-index"
checksum = "4d58d1b70b004888f764dfbf6a26a3b0342a1632d33968e4a179d8011c760614"

[[package]]
name = "libpulse-binding"
version = "2.16.3"
source = "registry+https://github.com/rust-lang/crates.io-index"
checksum = "8f2a85e3f59b8074b49060968b10de62df9fdc396c9b5640f071e669f5806074"
dependencies = [
 "libc",
 "libpulse-sys",
 "winapi",
]

[[package]]
name = "libpulse-sys"
version = "1.13.3"
source = "registry+https://github.com/rust-lang/crates.io-index"
checksum = "9044e45b7b1c2231850f5e569e39543809a44eb5bad14f7a53f1eb603c14f2eb"
dependencies = [
 "libc",
 "pkg-config",
 "winapi",
]

[[package]]
name = "linked-hash-map"
version = "0.3.0"
source = "registry+https://github.com/rust-lang/crates.io-index"
checksum = "6d262045c5b87c0861b3f004610afd0e2c851e2908d08b6c870cbb9d5f494ecd"
dependencies = [
 "serde 0.8.23",
 "serde_test",
]

[[package]]
name = "linked-hash-map"
version = "0.5.3"
source = "registry+https://github.com/rust-lang/crates.io-index"
checksum = "8dd5a6d5999d9907cda8ed67bbd137d3af8085216c2ac62de5be860bd41f304a"

[[package]]
name = "memchr"
version = "2.3.4"
source = "registry+https://github.com/rust-lang/crates.io-index"
checksum = "0ee1c47aaa256ecabcaea351eae4a9b01ef39ed810004e298d2511ed284b1525"

[[package]]
name = "mpd-pulse"
version = "0.2.0"
dependencies = [
 "config",
 "dirs",
 "rust-pulsectl",
]

[[package]]
name = "nom"
version = "5.1.2"
source = "registry+https://github.com/rust-lang/crates.io-index"
checksum = "ffb4262d26ed83a1c0a33a38fe2bb15797329c85770da05e6b828ddb782627af"
dependencies = [
 "lexical-core",
 "memchr",
 "version_check",
]

[[package]]
name = "num-traits"
version = "0.1.43"
source = "registry+https://github.com/rust-lang/crates.io-index"
checksum = "92e5113e9fd4cc14ded8e499429f396a20f98c772a47cc8622a736e1ec843c31"
dependencies = [
 "num-traits 0.2.14",
]

[[package]]
name = "num-traits"
version = "0.2.14"
source = "registry+https://github.com/rust-lang/crates.io-index"
checksum = "9a64b1ec5cda2586e284722486d802acf1f7dbdc623e2bfc57e65ca1cd099290"
dependencies = [
 "autocfg",
]

[[package]]
name = "pkg-config"
version = "0.3.19"
source = "registry+https://github.com/rust-lang/crates.io-index"
checksum = "3831453b3449ceb48b6d9c7ad7c96d5ea673e9b470a1dc578c2ce6521230884c"

[[package]]
name = "redox_syscall"
version = "0.1.57"
source = "registry+https://github.com/rust-lang/crates.io-index"
checksum = "41cc0f7e4d5d4544e8861606a285bb08d3e70712ccc7d2b84d7c0ccfaf4b05ce"

[[package]]
name = "redox_users"
version = "0.3.5"
source = "registry+https://github.com/rust-lang/crates.io-index"
checksum = "de0737333e7a9502c789a36d7c7fa6092a49895d4faa31ca5df163857ded2e9d"
dependencies = [
 "getrandom",
 "redox_syscall",
 "rust-argon2",
]

[[package]]
name = "regex"
version = "1.4.2"
source = "registry+https://github.com/rust-lang/crates.io-index"
checksum = "38cf2c13ed4745de91a5eb834e11c00bcc3709e773173b2ce4c56c9fbde04b9c"
dependencies = [
 "aho-corasick",
 "memchr",
 "regex-syntax",
 "thread_local",
]

[[package]]
name = "regex-syntax"
version = "0.6.21"
source = "registry+https://github.com/rust-lang/crates.io-index"
checksum = "3b181ba2dcf07aaccad5448e8ead58db5b742cf85dfe035e2227f137a539a189"

[[package]]
name = "rust-argon2"
version = "0.8.3"
source = "registry+https://github.com/rust-lang/crates.io-index"
checksum = "4b18820d944b33caa75a71378964ac46f58517c92b6ae5f762636247c09e78fb"
dependencies = [
 "base64",
 "blake2b_simd",
 "constant_time_eq",
 "crossbeam-utils",
]

[[package]]
name = "rust-ini"
version = "0.13.0"
source = "registry+https://github.com/rust-lang/crates.io-index"
checksum = "3e52c148ef37f8c375d49d5a73aa70713125b7f19095948a923f80afdeb22ec2"

[[package]]
name = "rust-pulsectl"
version = "0.2.6"
source = "registry+https://github.com/rust-lang/crates.io-index"
checksum = "f0133fcaf02798ef68c074313bbd5a47de2d7edb1d8db9c61872206bd7f398e8"
dependencies = [
 "libpulse-binding",
]

[[package]]
name = "ryu"
version = "1.0.5"
source = "registry+https://github.com/rust-lang/crates.io-index"
checksum = "71d301d4193d031abdd79ff7e3dd721168a9572ef3fe51a1517aba235bd8f86e"

[[package]]
name = "serde"
version = "0.8.23"
source = "registry+https://github.com/rust-lang/crates.io-index"
checksum = "9dad3f759919b92c3068c696c15c3d17238234498bbdcc80f2c469606f948ac8"

[[package]]
name = "serde"
version = "1.0.117"
source = "registry+https://github.com/rust-lang/crates.io-index"
checksum = "b88fa983de7720629c9387e9f517353ed404164b1e482c970a90c1a4aaf7dc1a"

[[package]]
name = "serde-hjson"
version = "0.9.1"
source = "registry+https://github.com/rust-lang/crates.io-index"
checksum = "6a3a4e0ea8a88553209f6cc6cfe8724ecad22e1acf372793c27d995290fe74f8"
dependencies = [
 "lazy_static",
 "linked-hash-map 0.3.0",
 "num-traits 0.1.43",
 "regex",
 "serde 0.8.23",
]

[[package]]
name = "serde_json"
version = "1.0.59"
source = "registry+https://github.com/rust-lang/crates.io-index"
checksum = "dcac07dbffa1c65e7f816ab9eba78eb142c6d44410f4eeba1e26e4f5dfa56b95"
dependencies = [
 "itoa",
 "ryu",
 "serde 1.0.117",
]

[[package]]
name = "serde_test"
version = "0.8.23"
source = "registry+https://github.com/rust-lang/crates.io-index"
checksum = "110b3dbdf8607ec493c22d5d947753282f3bae73c0f56d322af1e8c78e4c23d5"
dependencies = [
 "serde 0.8.23",
]

[[package]]
name = "static_assertions"
version = "1.1.0"
source = "registry+https://github.com/rust-lang/crates.io-index"
checksum = "a2eb9349b6444b326872e140eb1cf5e7c522154d69e7a0ffb0fb81c06b37543f"

[[package]]
name = "thread_local"
version = "1.0.1"
source = "registry+https://github.com/rust-lang/crates.io-index"
checksum = "d40c6d1b69745a6ec6fb1ca717914848da4b44ae29d9b3080cbee91d72a69b14"
dependencies = [
 "lazy_static",
]

[[package]]
name = "toml"
version = "0.5.7"
source = "registry+https://github.com/rust-lang/crates.io-index"
checksum = "75cf45bb0bef80604d001caaec0d09da99611b3c0fd39d3080468875cdb65645"
dependencies = [
 "serde 1.0.117",
]

[[package]]
name = "version_check"
version = "0.9.2"
source = "registry+https://github.com/rust-lang/crates.io-index"
checksum = "b5a972e5669d67ba988ce3dc826706fb0a8b01471c088cb0b6110b805cc36aed"

[[package]]
name = "wasi"
version = "0.9.0+wasi-snapshot-preview1"
source = "registry+https://github.com/rust-lang/crates.io-index"
checksum = "cccddf32554fecc6acb585f82a32a72e28b48f8c4c1883ddfeeeaa96f7d8e519"

[[package]]
name = "winapi"
version = "0.3.9"
source = "registry+https://github.com/rust-lang/crates.io-index"
checksum = "5c839a674fcd7a98952e593242ea400abe93992746761e38641405d28b00f419"
dependencies = [
 "winapi-i686-pc-windows-gnu",
 "winapi-x86_64-pc-windows-gnu",
]

[[package]]
name = "winapi-i686-pc-windows-gnu"
version = "0.4.0"
source = "registry+https://github.com/rust-lang/crates.io-index"
checksum = "ac3b87c63620426dd9b991e5ce0329eff545bccbbb34f3be09ff6fb6ab51b7b6"

[[package]]
name = "winapi-x86_64-pc-windows-gnu"
version = "0.4.0"
source = "registry+https://github.com/rust-lang/crates.io-index"
checksum = "712e227841d057c1ee1cd2fb22fa7e5a5461ae8e48fa2ca79ec42cfc1931183f"

[[package]]
name = "yaml-rust"
version = "0.4.4"
source = "registry+https://github.com/rust-lang/crates.io-index"
checksum = "39f0c922f1a334134dc2f7a8b67dc5d25f0735263feec974345ff706bcf20b0d"
dependencies = [
 "linked-hash-map 0.5.3",
]
